
Microsoft Visual Studio Solution File, Format Version 12.00
# Visual Studio Version 16
VisualStudioVersion = 16.0.32228.343
MinimumVisualStudioVersion = 10.0.40219.1
Project("{FAE04EC0-301F-11D3-BF4B-00C04F79EFBC}") = "Project", "Project.csproj", "{82C76531-9C04-445D-BACD-76C82B4A26AF}"
EndProject
Global
	GlobalSection(SolutionConfigurationPlatforms) = preSolution
		Debug|Any CPU = Debug|Any CPU
		Release|Any CPU = Release|Any CPU
	EndGlobalSection
	GlobalSection(ProjectConfigurationPlatforms) = postSolution
		{82C76531-9C04-445D-BACD-76C82B4A26AF}.Debug|Any CPU.ActiveCfg = Debug|Any CPU
		{82C76531-9C04-445D-BACD-76C82B4A26AF}.Debug|Any CPU.Build.0 = Debug|Any CPU
		{82C76531-9C04-445D-BACD-76C82B4A26AF}.Release|Any CPU.ActiveCfg = Release|Any CPU
		{82C76531-9C04-445D-BACD-76C82B4A26AF}.Release|Any CPU.Build.0 = Release|Any CPU
	EndGlobalSection
	GlobalSection(SolutionProperties) = preSolution
		HideSolutionNode = FALSE
	EndGlobalSection
	GlobalSection(ExtensibilityGlobals) = postSolution
		SolutionGuid = {E0810511-6A73-4CA1-BCC9-AE5D1F9318B2}
	EndGlobalSection
EndGlobal
